<?xml version="1.0" encoding="utf-8"?>
<Project ToolsVersion="4.0" xmlns="http://schemas.microsoft.com/developer/msbuild/2003">
  <ItemGroup><Filter Include="Tests"><UniqueIdentifier>{A904857B-6C58-483E-A5F2-E9219C4F22A1}</UniqueIdentifier></Filter><Filter Include="Production Sources"><UniqueIdentifier>{BC651AD0-A3FE-45DD-A659-C14A48C7DD71}</UniqueIdentifier></Filter></ItemGroup>
  <ItemGroup><ClCompile Include="CoreTests.cpp"><Filter>Tests</Filter></ClCompile><ClCompile Include="MappingTests.cpp"><Filter>Tests</Filter></ClCompile><ClCompile Include="ReplacementTests.cpp"><Filter>Tests</Filter></ClCompile><ClCompile Include="StatisticsTests.cpp"><Filter>Tests</Filter></ClCompile><ClCompile Include="TestMain.cpp"><Filter>Tests</Filter></ClCompile><ClCompile Include="TraceTests.cpp"><Filter>Tests</Filter></ClCompile><ClCompile Include="..\src\common\CacheTypes.cpp"><Filter>Production Sources</Filter></ClCompile><ClCompile Include="..\src\core\CacheLevel.cpp"><Filter>Production Sources</Filter></ClCompile><ClCompile Include="..\src\core\CacheSimulator.cpp"><Filter>Production Sources</Filter></ClCompile><ClCompile Include="..\src\mapping\MappingStrategies.cpp"><Filter>Production Sources</Filter></ClCompile><ClCompile Include="..\src\replacement\ReplacementPolicies.cpp"><Filter>Production Sources</Filter></ClCompile><ClCompile Include="..\src\statistics\CacheStatistics.cpp"><Filter>Production Sources</Filter></ClCompile><ClCompile Include="..\src\trace\MemoryTraceParser.cpp"><Filter>Production Sources</Filter></ClCompile></ItemGroup>
  <ItemGroup><ClInclude Include="TestSuites.h"><Filter>Tests</Filter></ClInclude><ClInclude Include="TestSupport.h"><Filter>Tests</Filter></ClInclude></ItemGroup>
</Project>
